
Microsoft Visual Studio Solution File, Format Version 12.00
# Visual Studio 15
VisualStudioVersion = 15.0.28307.329
MinimumVisualStudioVersion = 10.0.40219.1
Project("{FAE04EC0-301F-11D3-BF4B-00C04F79EFBC}") = "NP-HW-4.Server", "NP-HW-4.Server\NP-HW-4.Server.csproj", "{66275B45-5DF9-4F58-A4F9-132C7CB63BD8}"
EndProject
Global
	GlobalSection(SolutionConfigurationPlatforms) = preSolution
		Debug|Any CPU = Debug|Any CPU
		Release|Any CPU = Release|Any CPU
	EndGlobalSection
	GlobalSection(ProjectConfigurationPlatforms) = postSolution
		{66275B45-5DF9-4F58-A4F9-132C7CB63BD8}.Debug|Any CPU.ActiveCfg = Debug|Any CPU
		{66275B45-5DF9-4F58-A4F9-132C7CB63BD8}.Debug|Any CPU.Build.0 = Debug|Any CPU
		{66275B45-5DF9-4F58-A4F9-132C7CB63BD8}.Release|Any CPU.ActiveCfg = Release|Any CPU
		{66275B45-5DF9-4F58-A4F9-132C7CB63BD8}.Release|Any CPU.Build.0 = Release|Any CPU
	EndGlobalSection
	GlobalSection(SolutionProperties) = preSolution
		HideSolutionNode = FALSE
	EndGlobalSection
	GlobalSection(ExtensibilityGlobals) = postSolution
		SolutionGuid = {362687A8-D0B0-4E20-B20B-B4AFE2732BAF}
	EndGlobalSection
EndGlobal
